// !$*UTF8*$!
{
	archiveVersion = 1;
	classes = {
	};
	objectVersion = 46;
	objects = {

/* Begin PBXBuildFile section */
		9BE7065D1B0FB4FC0083BED0 /* main.m in Sources */ = {isa = PBXBuildFile; fileRef = 9BE7065C1B0FB4FC0083BED0 /* main.m */; };
		9BE706601B0FB4FC0083BED0 /* AppDelegate.m in Sources */ = {isa = PBXBuildFile; fileRef = 9BE7065F1B0FB4FC0083BED0 /* AppDelegate.m */; };
		9BE706631B0FB4FC0083BED0 /* ViewController.m in Sources */ = {isa = PBXBuildFile; fileRef = 9BE706621B0FB4FC0083BED0 /* ViewController.m */; };
		9BE706661B0FB4FC0083BED0 /* Main.storyboard in Resources */ = {isa = PBXBuildFile; fileRef = 9BE706641B0FB4FC0083BED0 /* Main.storyboard */; };
		9BE706681B0FB4FC0083BED0 /* Images.xcassets in Resources */ = {isa = PBXBuildFile; fileRef = 9BE706671B0FB4FC0083BED0 /* Images.xcassets */; };
		9BE7066B1B0FB4FC0083BED0 /* LaunchScreen.xib in Resources */ = {isa = PBXBuildFile; fileRef = 9BE706691B0FB4FC0083BED0 /* LaunchScreen.xib */; };
		9BE706771B0FB4FC0083BED0 /* tiAcompanhaTests.m in Sources */ = {isa = PBXBuildFile; fileRef = 9BE706761B0FB4FC0083BED0 /* tiAcompanhaTests.m */; };
/* End PBXBuildFile section */

/* Begin PBXContainerItemProxy section */
		9BE706711B0FB4FC0083BED0 /* PBXContainerItemProxy */ = {
			isa = PBXContainerItemProxy;
			containerPortal = 9BE7064F1B0FB4FC0083BED0 /* Project object */;
			proxyType = 1;
			remoteGlobalIDString = 9BE706561B0FB4FC0083BED0;
			remoteInfo = tiAcompanha;
		};
/* End PBXContainerItemProxy section */

/* Begin PBXFileReference section */
		9BE706571B0FB4FC0083BED0 /* tiAcompanha.app */ = {isa = PBXFileReference; explicitFileType = wrapper.application; includeInIndex = 0; path = tiAcompanha.app; sourceTree = BUILT_PRODUCTS_DIR; };
		9BE7065B1B0FB4FC0083BED0 /* Info.plist */ = {isa = PBXFileReference; lastKnownFileType = text.plist.xml; path = Info.plist; sourceTree = "<group>"; };
		9BE7065C1B0FB4FC0083BED0 /* main.m */ = {isa = PBXFileReference; lastKnownFileType = sourcecode.c.objc; path = main.m; sourceTree = "<group>"; };
		9BE7065E1B0FB4FC0083BED0 /* AppDelegate.h */ = {isa = PBXFileReference; lastKnownFileType = sourcecode.c.h; path = AppDelegate.h; sourceTree = "<group>"; };
		9BE7065F1B0FB4FC0083BED0 /* AppDelegate.m */ = {isa = PBXFileReference; lastKnownFileType = sourcecode.c.objc; path = AppDelegate.m; sourceTree = "<group>"; };
		9BE706611B0FB4FC0083BED0 /* ViewController.h */ = {isa = PBXFileReference; lastKnownFileType = sourcecode.c.h; path = ViewController.h; sourceTree = "<group>"; };
		9BE706621B0FB4FC0083BED0 /* ViewController.m */ = {isa = PBXFileReference; lastKnownFileType = sourcecode.c.objc; path = ViewController.m; sourceTree = "<group>"; };
		9BE706651B0FB4FC0083BED0 /* Base */ = {isa = PBXFileReference; lastKnownFileType = file.storyboard; name = Base; path = Base.lproj/Main.storyboard; sourceTree = "<group>"; };
		9BE706671B0FB4FC0083BED0 /* Images.xcassets */ = {isa = PBXFileReference; lastKnownFileType = folder.assetcatalog; path = Images.xcassets; sourceTree = "<group>"; };
		9BE7066A1B0FB4FC0083BED0 /* Base */ = {isa = PBXFileReference; lastKnownFileType = file.xib; name = Base; path = Base.lproj/LaunchScreen.xib; sourceTree = "<group>"; };
		9BE706701B0FB4FC0083BED0 /* tiAcompanhaTests.xctest */ = {isa = PBXFileReference; explicitFileType = wrapper.cfbundle; includeInIndex = 0; path = tiAcompanhaTests.xctest; sourceTree = BUILT_PRODUCTS_DIR; };
		9BE706751B0FB4FC0083BED0 /* Info.plist */ = {isa = PBXFileReference; lastKnownFileType = text.plist.xml; path = Info.plist; sourceTree = "<group>"; };
		9BE706761B0FB4FC0083BED0 /* tiAcompanhaTests.m */ = {isa = PBXFileReference; lastKnownFileType = sourcecode.c.objc; path = tiAcompanhaTests.m; sourceTree = "<group>"; };
/* End PBXFileReference section */

/* Begin PBXFrameworksBuildPhase section */
		9BE706541B0FB4FC0083BED0 /* Frameworks */ = {
			isa = PBXFrameworksBuildPhase;
			buildActionMask = 2147483647;
			files = (
			);
			runOnlyForDeploymentPostprocessing = 0;
		};
		9BE7066D1B0FB4FC0083BED0 /* Frameworks */ = {
			isa = PBXFrameworksBuildPhase;
			buildActionMask = 2147483647;
			files = (
			);
			runOnlyForDeploymentPostprocessing = 0;
		};
/* End PBXFrameworksBuildPhase section */

/* Begin PBXGroup section */
		9BE7064E1B0FB4FC0083BED0 = {
			isa = PBXGroup;
			children = (
				9BE706591B0FB4FC0083BED0 /* tiAcompanha */,
				9BE706731B0FB4FC0083BED0 /* tiAcompanhaTests */,
				9BE706581B0FB4FC0083BED0 /* Products */,
			);
			sourceTree = "<group>";
		};
		9BE706581B0FB4FC0083BED0 /* Products */ = {
			isa = PBXGroup;
			children = (
				9BE706571B0FB4FC0083BED0 /* tiAcompanha.app */,
				9BE706701B0FB4FC0083BED0 /* tiAcompanhaTests.xctest */,
			);
			name = Products;
			sourceTree = "<group>";
		};
		9BE706591B0FB4FC0083BED0 /* tiAcompanha */ = {
			isa = PBXGroup;
			children = (
				9BE7065E1B0FB4FC0083BED0 /* AppDelegate.h */,
				9BE7065F1B0FB4FC0083BED0 /* AppDelegate.m */,
				9BE706611B0FB4FC0083BED0 /* ViewController.h */,
				9BE706621B0FB4FC0083BED0 /* ViewController.m */,
				9BE706641B0FB4FC0083BED0 /* Main.storyboard */,
				9BE706671B0FB4FC0083BED0 /* Images.xcassets */,
				9BE706691B0FB4FC0083BED0 /* LaunchScreen.xib */,
				9BE7065A1B0FB4FC0083BED0 /* Supporting Files */,
			);
			path = tiAcompanha;
			sourceTree = "<group>";
		};
		9BE7065A1B0FB4FC0083BED0 /* Supporting Files */ = {
			isa = PBXGroup;
			children = (
				9BE7065B1B0FB4FC0083BED0 /* Info.plist */,
				9BE7065C1B0FB4FC0083BED0 /* main.m */,
			);
			name = "Supporting Files";
			sourceTree = "<group>";
		};
		9BE706731B0FB4FC0083BED0 /* tiAcompanhaTests */ = {
			isa = PBXGroup;
			children = (
				9BE706761B0FB4FC0083BED0 /* tiAcompanhaTests.m */,
				9BE706741B0FB4FC0083BED0 /* Supporting Files */,
			);
			path = tiAcompanhaTests;
			sourceTree = "<group>";
		};
		9BE706741B0FB4FC0083BED0 /* Supporting Files */ = {
			isa = PBXGroup;
			children = (
				9BE706751B0FB4FC0083BED0 /* Info.plist */,
			);
			name = "Supporting Files";
			sourceTree = "<group>";
		};
/* End PBXGroup section */

/* Begin PBXNativeTarget section */
		9BE706561B0FB4FC0083BED0 /* tiAcompanha */ = {
			isa = PBXNativeTarget;
			buildConfigurationList = 9BE7067A1B0FB4FC0083BED0 /* Build configuration list for PBXNativeTarget "tiAcompanha" */;
			buildPhases = (
				9BE706531B0FB4FC0083BED0 /* Sources */,
				9BE706541B0FB4FC0083BED0 /* Frameworks */,
				9BE706551B0FB4FC0083BED0 /* Resources */,
			);
			buildRules = (
			);
			dependencies = (
			);
			name = tiAcompanha;
			productName = tiAcompanha;
			productReference = 9BE706571B0FB4FC0083BED0 /* tiAcompanha.app */;
			productType = "com.apple.product-type.application";
		};
		9BE7066F1B0FB4FC0083BED0 /* tiAcompanhaTests */ = {
			isa = PBXNativeTarget;
			buildConfigurationList = 9BE7067D1B0FB4FC0083BED0 /* Build configuration list for PBXNativeTarget "tiAcompanhaTests" */;
			buildPhases = (
				9BE7066C1B0FB4FC0083BED0 /* Sources */,
				9BE7066D1B0FB4FC0083BED0 /* Frameworks */,
				9BE7066E1B0FB4FC0083BED0 /* Resources */,
			);
			buildRules = (
			);
			dependencies = (
				9BE706721B0FB4FC0083BED0 /* PBXTargetDependency */,
			);
			name = tiAcompanhaTests;
			productName = tiAcompanhaTests;
			productReference = 9BE706701B0FB4FC0083BED0 /* tiAcompanhaTests.xctest */;
			productType = "com.apple.product-type.bundle.unit-test";
		};
/* End PBXNativeTarget section */

/* Begin PBXProject section */
		9BE7064F1B0FB4FC0083BED0 /* Project object */ = {
			isa = PBXProject;
			attributes = {
				LastUpgradeCheck = 0630;
				ORGANIZATIONNAME = CAAS;
				TargetAttributes = {
					9BE706561B0FB4FC0083BED0 = {
						CreatedOnToolsVersion = 6.3.2;
					};
					9BE7066F1B0FB4FC0083BED0 = {
						CreatedOnToolsVersion = 6.3.2;
						TestTargetID = 9BE706561B0FB4FC0083BED0;
					};
				};
			};
			buildConfigurationList = 9BE706521B0FB4FC0083BED0 /* Build configuration list for PBXProject "tiAcompanha" */;
			compatibilityVersion = "Xcode 3.2";
			developmentRegion = English;
			hasScannedForEncodings = 0;
			knownRegions = (
				en,
				Base,
			);
			mainGroup = 9BE7064E1B0FB4FC0083BED0;
			productRefGroup = 9BE706581B0FB4FC0083BED0 /* Products */;
			projectDirPath = "";
			projectRoot = "";
			targets = (
				9BE706561B0FB4FC0083BED0 /* tiAcompanha */,
				9BE7066F1B0FB4FC0083BED0 /* tiAcompanhaTests */,
			);
		};
/* End PBXProject section */

/* Begin PBXResourcesBuildPhase section */
		9BE706551B0FB4FC0083BED0 /* Resources */ = {
			isa = PBXResourcesBuildPhase;
			buildActionMask = 2147483647;
			files = (
				9BE706661B0FB4FC0083BED0 /* Main.storyboard in Resources */,
				9BE7066B1B0FB4FC0083BED0 /* LaunchScreen.xib in Resources */,
				9BE706681B0FB4FC0083BED0 /* Images.xcassets in Resources */,
			);
			runOnlyForDeploymentPostprocessing = 0;
		};
		9BE7066E1B0FB4FC0083BED0 /* Resources */ = {
			isa = PBXResourcesBuildPhase;
			buildActionMask = 2147483647;
			files = (
			);
			runOnlyForDeploymentPostprocessing = 0;
		};
/* End PBXResourcesBuildPhase section */

/* Begin PBXSourcesBuildPhase section */
		9BE706531B0FB4FC0083BED0 /* Sources */ = {
			isa = PBXSourcesBuildPhase;
			buildActionMask = 2147483647;
			files = (
				9BE706631B0FB4FC0083BED0 /* ViewController.m in Sources */,
				9BE706601B0FB4FC0083BED0 /* AppDelegate.m in Sources */,
				9BE7065D1B0FB4FC0083BED0 /* main.m in Sources */,
			);
			runOnlyForDeploymentPostprocessing = 0;
		};
		9BE7066C1B0FB4FC0083BED0 /* Sources */ = {
			isa = PBXSourcesBuildPhase;
			buildActionMask = 2147483647;
			files = (
				9BE706771B0FB4FC0083BED0 /* tiAcompanhaTests.m in Sources */,
			);
			runOnlyForDeploymentPostprocessing = 0;
		};
/* End PBXSourcesBuildPhase section */

/* Begin PBXTargetDependency section */
		9BE706721B0FB4FC0083BED0 /* PBXTargetDependency */ = {
			isa = PBXTargetDependency;
			target = 9BE706561B0FB4FC0083BED0 /* tiAcompanha */;
			targetProxy = 9BE706711B0FB4FC0083BED0 /* PBXContainerItemProxy */;
		};
/* End PBXTargetDependency section */

/* Begin PBXVariantGroup section */
		9BE706641B0FB4FC0083BED0 /* Main.storyboard */ = {
			isa = PBXVariantGroup;
			children = (
				9BE706651B0FB4FC0083BED0 /* Base */,
			);
			name = Main.storyboard;
			sourceTree = "<group>";
		};
		9BE706691B0FB4FC0083BED0 /* LaunchScreen.xib */ = {
			isa = PBXVariantGroup;
			children = (
				9BE7066A1B0FB4FC0083BED0 /* Base */,
			);
			name = LaunchScreen.xib;
			sourceTree = "<group>";
		};
/* End PBXVariantGroup section */

/* Begin XCBuildConfiguration section */
		9BE706781B0FB4FC0083BED0 /* Debug */ = {
			isa = XCBuildConfiguration;
			buildSettings = {
				ALWAYS_SEARCH_USER_PATHS = NO;
				CLANG_CXX_LANGUAGE_STANDARD = "gnu++0x";
				CLANG_CXX_LIBRARY = "libc++";
				CLANG_ENABLE_MODULES = YES;
				CLANG_ENABLE_OBJC_ARC = YES;
				CLANG_WARN_BOOL_CONVERSION = YES;
				CLANG_WARN_CONSTANT_CONVERSION = YES;
				CLANG_WARN_DIRECT_OBJC_ISA_USAGE = YES_ERROR;
				CLANG_WARN_EMPTY_BODY = YES;
				CLANG_WARN_ENUM_CONVERSION = YES;
				CLANG_WARN_INT_CONVERSION = YES;
				CLANG_WARN_OBJC_ROOT_CLASS = YES_ERROR;
				CLANG_WARN_UNREACHABLE_CODE = YES;
				CLANG_WARN__DUPLICATE_METHOD_MATCH = YES;
				"CODE_SIGN_IDENTITY[sdk=iphoneos*]" = "iPhone Developer";
				COPY_PHASE_STRIP = NO;
				DEBUG_INFORMATION_FORMAT = "dwarf-with-dsym";
				ENABLE_STRICT_OBJC_MSGSEND = YES;
				GCC_C_LANGUAGE_STANDARD = gnu99;
				GCC_DYNAMIC_NO_PIC = NO;
				GCC_NO_COMMON_BLOCKS = YES;
				GCC_OPTIMIZATION_LEVEL = 0;
				GCC_PREPROCESSOR_DEFINITIONS = (
					"DEBUG=1",
					"$(inherited)",
				);
				GCC_SYMBOLS_PRIVATE_EXTERN = NO;
				GCC_WARN_64_TO_32_BIT_CONVERSION = YES;
				GCC_WARN_ABOUT_RETURN_TYPE = YES_ERROR;
				GCC_WARN_UNDECLARED_SELECTOR = YES;
				GCC_WARN_UNINITIALIZED_AUTOS = YES_AGGRESSIVE;
				GCC_WARN_UNUSED_FUNCTION = YES;
				GCC_WARN_UNUSED_VARIABLE = YES;
				IPHONEOS_DEPLOYMENT_TARGET = 8.3;
				MTL_ENABLE_DEBUG_INFO = YES;
				ONLY_ACTIVE_ARCH = YES;
				SDKROOT = iphoneos;
			};
			name = Debug;
		};
		9BE706791B0FB4FC0083BED0 /* Release */ = {
			isa = XCBuildConfiguration;
			buildSettings = {
				ALWAYS_SEARCH_USER_PATHS = NO;
				CLANG_CXX_LANGUAGE_STANDARD = "gnu++0x";
				CLANG_CXX_LIBRARY = "libc++";
				CLANG_ENABLE_MODULES = YES;
				CLANG_ENABLE_OBJC_ARC = YES;
				CLANG_WARN_BOOL_CONVERSION = YES;
				CLANG_WARN_CONSTANT_CONVERSION = YES;
				CLANG_WARN_DIRECT_OBJC_ISA_USAGE = YES_ERROR;
				CLANG_WARN_EMPTY_BODY = YES;
				CLANG_WARN_ENUM_CONVERSION = YES;
				CLANG_WARN_INT_CONVERSION = YES;
				CLANG_WARN_OBJC_ROOT_CLASS = YES_ERROR;
				CLANG_WARN_UNREACHABLE_CODE = YES;
				CLANG_WARN__DUPLICATE_METHOD_MATCH = YES;
				"CODE_SIGN_IDENTITY[sdk=iphoneos*]" = "iPhone Developer";
				COPY_PHASE_STRIP = NO;
				DEBUG_INFORMATION_FORMAT = "dwarf-with-dsym";
				ENABLE_NS_ASSERTIONS = NO;
				ENABLE_STRICT_OBJC_MSGSEND = YES;
				GCC_C_LANGUAGE_STANDARD = gnu99;
				GCC_NO_COMMON_BLOCKS = YES;
				GCC_WARN_64_TO_32_BIT_CONVERSION = YES;
				GCC_WARN_ABOUT_RETURN_TYPE = YES_ERROR;
				GCC_WARN_UNDECLARED_SELECTOR = YES;
				GCC_WARN_UNINITIALIZED_AUTOS = YES_AGGRESSIVE;
				GCC_WARN_UNUSED_FUNCTION = YES;
				GCC_WARN_UNUSED_VARIABLE = YES;
				IPHONEOS_DEPLOYMENT_TARGET = 8.3;
				MTL_ENABLE_DEBUG_INFO = NO;
				SDKROOT = iphoneos;
				VALIDATE_PRODUCT = YES;
			};
			name = Release;
		};
		9BE7067B1B0FB4FC0083BED0 /* Debug */ = {
			isa = XCBuildConfiguration;
			buildSettings = {
				ASSETCATALOG_COMPILER_APPICON_NAME = AppIcon;
				INFOPLIST_FILE = tiAcompanha/Info.plist;
				LD_RUNPATH_SEARCH_PATHS = "$(inherited) @executable_path/Frameworks";
				PRODUCT_NAME = "$(TARGET_NAME)";
			};
			name = Debug;
		};
		9BE7067C1B0FB4FC0083BED0 /* Release */ = {
			isa = XCBuildConfiguration;
			buildSettings = {
				ASSETCATALOG_COMPILER_APPICON_NAME = AppIcon;
				INFOPLIST_FILE = tiAcompanha/Info.plist;
				LD_RUNPATH_SEARCH_PATHS = "$(inherited) @executable_path/Frameworks";
				PRODUCT_NAME = "$(TARGET_NAME)";
			};
			name = Release;
		};
		9BE7067E1B0FB4FC0083BED0 /* Debug */ = {
			isa = XCBuildConfiguration;
			buildSettings = {
				BUNDLE_LOADER = "$(TEST_HOST)";
				FRAMEWORK_SEARCH_PATHS = (
					"$(SDKROOT)/Developer/Library/Frameworks",
					"$(inherited)",
				);
				GCC_PREPROCESSOR_DEFINITIONS = (
					"DEBUG=1",
					"$(inherited)",
				);
				INFOPLIST_FILE = tiAcompanhaTests/Info.plist;
				LD_RUNPATH_SEARCH_PATHS = "$(inherited) @executable_path/Frameworks @loader_path/Frameworks";
				PRODUCT_NAME = "$(TARGET_NAME)";
				TEST_HOST = "$(BUILT_PRODUCTS_DIR)/tiAcompanha.app/tiAcompanha";
			};
			name = Debug;
		};
		9BE7067F1B0FB4FC0083BED0 /* Release */ = {
			isa = XCBuildConfiguration;
			buildSettings = {
				BUNDLE_LOADER = "$(TEST_HOST)";
				FRAMEWORK_SEARCH_PATHS = (
					"$(SDKROOT)/Developer/Library/Frameworks",
					"$(inherited)",
				);
				INFOPLIST_FILE = tiAcompanhaTests/Info.plist;
				LD_RUNPATH_SEARCH_PATHS = "$(inherited) @executable_path/Frameworks @loader_path/Frameworks";
				PRODUCT_NAME = "$(TARGET_NAME)";
				TEST_HOST = "$(BUILT_PRODUCTS_DIR)/tiAcompanha.app/tiAcompanha";
			};
			name = Release;
		};
/* End XCBuildConfiguration section */

/* Begin XCConfigurationList section */
		9BE706521B0FB4FC0083BED0 /* Build configuration list for PBXProject "tiAcompanha" */ = {
			isa = XCConfigurationList;
			buildConfigurations = (
				9BE706781B0FB4FC0083BED0 /* Debug */,
				9BE706791B0FB4FC0083BED0 /* Release */,
			);
			defaultConfigurationIsVisible = 0;
			defaultConfigurationName = Release;
		};
		9BE7067A1B0FB4FC0083BED0 /* Build configuration list for PBXNativeTarget "tiAcompanha" */ = {
			isa = XCConfigurationList;
			buildConfigurations = (
				9BE7067B1B0FB4FC0083BED0 /* Debug */,
				9BE7067C1B0FB4FC0083BED0 /* Release */,
			);
			defaultConfigurationIsVisible = 0;
		};
		9BE7067D1B0FB4FC0083BED0 /* Build configuration list for PBXNativeTarget "tiAcompanhaTests" */ = {
			isa = XCConfigurationList;
			buildConfigurations = (
				9BE7067E1B0FB4FC0083BED0 /* Debug */,
				9BE7067F1B0FB4FC0083BED0 /* Release */,
			);
			defaultConfigurationIsVisible = 0;
		};
/* End XCConfigurationList section */
	};
	rootObject = 9BE7064F1B0FB4FC0083BED0 /* Project object */;
}
